{
  "requires": true,
  "lockfileVersion": 1,
  "dependencies": {
    "@angular/common": {
      "version": "6.1.0",
      "resolved": "https://registry.npmjs.org/@angular/common/-/common-6.1.0.tgz",
      "integrity": "sha512-uxdjxbuTYiCsOcrfO9EumGrfXo+7nB7HlS9F4wraKcnR22oJYNUh36meFKZwpoj5pDIBLnZQu75boI16o3W+SQ==",
      "requires": {
        "tslib": "1.9.3"
      }
    },
    "@angular/core": {
      "version": "6.1.0",
      "resolved": "https://registry.npmjs.org/@angular/core/-/core-6.1.0.tgz",
      "integrity": "sha512-gWu9Q7q2+fhFC5dl/BvGW7Ha7NUJtK9wQLYQlfIMim4lKTOiM1/S0MYBVMrEq58ldMr9DnA35f5jGno3x6/v+g==",
      "requires": {
        "tslib": "1.9.3"
      }
    },
    "@angular/platform-browser": {
      "version": "6.1.0",
      "resolved": "https://registry.npmjs.org/@angular/platform-browser/-/platform-browser-6.1.0.tgz",
      "integrity": "sha512-LcpcHLpy+fjN+gKcnTkWuTTuF+uYT350mje1kNr4Advoco76tXYBjAda/EehG+vmQmDTd5E+uxJhKJr/1POVEw==",
      "requires": {
        "tslib": "1.9.3"
      }
    },
    "tslib": {
      "version": "1.9.3",
      "resolved": "https://registry.npmjs.org/tslib/-/tslib-1.9.3.tgz",
      "integrity": "sha512-4krF8scpejhaOgqzBEcGM7yDIEfi0/8+8zDRZhNZZ2kjmHJ4hv3zCbQWxoJGz1iw5U0Jl0nma13xzHXcncMavQ=="
    }
  }
}
