
Microsoft Visual Studio Solution File, Format Version 12.00
# Visual Studio 15
VisualStudioVersion = 15.0.27703.2042
MinimumVisualStudioVersion = 10.0.40219.1
Project("{FAE04EC0-301F-11D3-BF4B-00C04F79EFBC}") = "StudentReportBookDAL", "StudentReportBookDAL\StudentReportBookDAL.csproj", "{D1A939C6-7DF1-4D89-91E3-CC480ADC8AF2}"
EndProject
Global
	GlobalSection(SolutionConfigurationPlatforms) = preSolution
		Debug|Any CPU = Debug|Any CPU
		Release|Any CPU = Release|Any CPU
	EndGlobalSection
	GlobalSection(ProjectConfigurationPlatforms) = postSolution
		{D1A939C6-7DF1-4D89-91E3-CC480ADC8AF2}.Debug|Any CPU.ActiveCfg = Debug|Any CPU
		{D1A939C6-7DF1-4D89-91E3-CC480ADC8AF2}.Debug|Any CPU.Build.0 = Debug|Any CPU
		{D1A939C6-7DF1-4D89-91E3-CC480ADC8AF2}.Release|Any CPU.ActiveCfg = Release|Any CPU
		{D1A939C6-7DF1-4D89-91E3-CC480ADC8AF2}.Release|Any CPU.Build.0 = Release|Any CPU
	EndGlobalSection
	GlobalSection(SolutionProperties) = preSolution
		HideSolutionNode = FALSE
	EndGlobalSection
	GlobalSection(ExtensibilityGlobals) = postSolution
		SolutionGuid = {8EB934A0-BB5A-48BE-9B6E-3C6C1EAF9ACD}
	EndGlobalSection
EndGlobal
